{
  "name": "3.9-assessment-hints",
  "version": "1.0.0",
  "lockfileVersion": 2,
  "requires": true,
  "packages": {
    "": {
      "name": "3.9-assessment-hints",
      "version": "1.0.0",
      "license": "ISC",
      "dependencies": {
        "faker": "^4.1.0"
      }
    },
    "node_modules/faker": {
      "version": "4.1.0",
      "resolved": "https://registry.npmjs.org/faker/-/faker-4.1.0.tgz",
      "integrity": "sha512-ILKg69P6y/D8/wSmDXw35Ly0re8QzQ8pMfBCflsGiZG2ZjMUNLYNexA6lz5pkmJlepVdsiDFUxYAzPQ9/+iGLA=="
    }
  },
  "dependencies": {
    "faker": {
      "version": "4.1.0",
      "resolved": "https://registry.npmjs.org/faker/-/faker-4.1.0.tgz",
      "integrity": "sha512-ILKg69P6y/D8/wSmDXw35Ly0re8QzQ8pMfBCflsGiZG2ZjMUNLYNexA6lz5pkmJlepVdsiDFUxYAzPQ9/+iGLA=="
    }
  }
}
